{
  "projects": [
    {
      "projectId": "9Vr5YWkf3w7jj6SsTcCEta",
      "version": "0.5.0",
      "dependencies": {},
      "lang": "ts",
      "fileLocks": [
        {
          "assetId": "9Vr5YWkf3w7jj6SsTcCEta",
          "type": "projectCss",
          "checksum": "e1ec850476829c38b0f9b6d4f7ac446a"
        }
      ],
      "codegenVersion": "0.0.1"
    },
    {
      "projectId": "jkU633o1Cz7HrJdwdxhVHk",
      "version": "16.2.0",
      "dependencies": {},
      "lang": "ts",
      "fileLocks": [
        {
          "assetId": "jkU633o1Cz7HrJdwdxhVHk",
          "type": "projectCss",
          "checksum": "0581d4378bb1604bb5fe3f65bb0a37de"
        }
      ],
      "codegenVersion": "0.0.1"
    },
    {
      "projectId": "ohDidvG9XsCeFumugENU3J",
      "version": "6.13.0",
      "dependencies": {},
      "lang": "ts",
      "fileLocks": [
        {
          "assetId": "ohDidvG9XsCeFumugENU3J",
          "type": "projectCss",
          "checksum": "fd83b730367fdbde2c69bc6cf31c2a3c"
        },
        {
          "assetId": "ohDidvG9XsCeFumugENU3J",
          "checksum": "9edd6de3249e8ce87ee98f963fba1736",
          "type": "globalContexts"
        }
      ],
      "codegenVersion": "0.0.1"
    },
    {
      "projectId": "9WWMjYs2gyQXMvMAkxbjFX",
      "version": "latest",
      "dependencies": {
        "ohDidvG9XsCeFumugENU3J": "6.13.0",
        "jkU633o1Cz7HrJdwdxhVHk": "16.2.0",
        "9Vr5YWkf3w7jj6SsTcCEta": "0.5.0"
      },
      "lang": "ts",
      "fileLocks": [
        {
          "type": "globalVariant",
          "assetId": "eEON1ZN-lO7Y",
          "checksum": "546f9053a6a34c797d9d016b7b9d5224"
        },
        {
          "assetId": "9WWMjYs2gyQXMvMAkxbjFX",
          "checksum": "70a09ec15fa45a681d3871c6442a7e12",
          "type": "globalContexts"
        },
        {
          "type": "renderModule",
          "assetId": "kTEhf34ROZuT",
          "checksum": "6551baa79330d3e7ac2d1e2ea522e556"
        },
        {
          "type": "cssRules",
          "assetId": "kTEhf34ROZuT",
          "checksum": "6551baa79330d3e7ac2d1e2ea522e556"
        },
        {
          "type": "renderModule",
          "assetId": "1gfJ4aHrQRkX",
          "checksum": "3c1003ccda3f1f8be8352c30a8b0f832"
        },
        {
          "type": "cssRules",
          "assetId": "1gfJ4aHrQRkX",
          "checksum": "3c1003ccda3f1f8be8352c30a8b0f832"
        },
        {
          "type": "renderModule",
          "assetId": "Sf-roQghQ14-",
          "checksum": "d9fad0859aa93e45e5dd4061f082ecf7"
        },
        {
          "type": "cssRules",
          "assetId": "Sf-roQghQ14-",
          "checksum": "d9fad0859aa93e45e5dd4061f082ecf7"
        },
        {
          "type": "renderModule",
          "assetId": "wVHZWMcFwmpw",
          "checksum": "9e13339a5daddabe9f0a7209141b64ea"
        },
        {
          "type": "cssRules",
          "assetId": "wVHZWMcFwmpw",
          "checksum": "9e13339a5daddabe9f0a7209141b64ea"
        },
        {
          "type": "renderModule",
          "assetId": "WvItauIVw1SL",
          "checksum": "03f4bda64713401b2bb3904b8461ff80"
        },
        {
          "type": "cssRules",
          "assetId": "WvItauIVw1SL",
          "checksum": "03f4bda64713401b2bb3904b8461ff80"
        },
        {
          "type": "renderModule",
          "assetId": "mpm5KeyC2_ZP",
          "checksum": "ea303d7882fe3330f36a5370eb7d61e0"
        },
        {
          "type": "cssRules",
          "assetId": "mpm5KeyC2_ZP",
          "checksum": "ea303d7882fe3330f36a5370eb7d61e0"
        },
        {
          "type": "renderModule",
          "assetId": "bMNgttUj5XYc",
          "checksum": "5a37d0f282492c5a89accae393c10019"
        },
        {
          "type": "cssRules",
          "assetId": "bMNgttUj5XYc",
          "checksum": "5a37d0f282492c5a89accae393c10019"
        },
        {
          "type": "renderModule",
          "assetId": "QSdl5UDCOa5d",
          "checksum": "64041360718e665d408bb285a59bb8ff"
        },
        {
          "type": "cssRules",
          "assetId": "QSdl5UDCOa5d",
          "checksum": "64041360718e665d408bb285a59bb8ff"
        },
        {
          "type": "renderModule",
          "assetId": "OHsuQI_yIE0t",
          "checksum": "ff0396c28abfbdf2acb8520b5b7d5c20"
        },
        {
          "type": "cssRules",
          "assetId": "OHsuQI_yIE0t",
          "checksum": "ff0396c28abfbdf2acb8520b5b7d5c20"
        },
        {
          "type": "renderModule",
          "assetId": "1mbEOw7hLjR9",
          "checksum": "acbe0fcf7237c8e2389b6e1299ad3f56"
        },
        {
          "type": "cssRules",
          "assetId": "1mbEOw7hLjR9",
          "checksum": "acbe0fcf7237c8e2389b6e1299ad3f56"
        },
        {
          "type": "renderModule",
          "assetId": "ddWfKBG97TTx",
          "checksum": "090161788a5c64299b00a5bb057bdc9f"
        },
        {
          "type": "cssRules",
          "assetId": "ddWfKBG97TTx",
          "checksum": "090161788a5c64299b00a5bb057bdc9f"
        },
        {
          "type": "renderModule",
          "assetId": "WaNzcmtox2aw",
          "checksum": "ac0374dc0e26ec552f428aa7b1dc0400"
        },
        {
          "type": "cssRules",
          "assetId": "WaNzcmtox2aw",
          "checksum": "ac0374dc0e26ec552f428aa7b1dc0400"
        },
        {
          "type": "renderModule",
          "assetId": "pvnp5CxIJaGY",
          "checksum": "26939d4a8de8da367d5d63a444ef91a8"
        },
        {
          "type": "cssRules",
          "assetId": "pvnp5CxIJaGY",
          "checksum": "26939d4a8de8da367d5d63a444ef91a8"
        },
        {
          "type": "renderModule",
          "assetId": "7Zl2VIax1zjD",
          "checksum": "09c4b4a35431586c8b6a3bdb92305d7d"
        },
        {
          "type": "cssRules",
          "assetId": "7Zl2VIax1zjD",
          "checksum": "09c4b4a35431586c8b6a3bdb92305d7d"
        },
        {
          "type": "renderModule",
          "assetId": "95v4tkFiklHM",
          "checksum": "aa58a5b729151a88f447eb50755563ed"
        },
        {
          "type": "cssRules",
          "assetId": "95v4tkFiklHM",
          "checksum": "aa58a5b729151a88f447eb50755563ed"
        },
        {
          "type": "renderModule",
          "assetId": "55QmBHuhr80U",
          "checksum": "a10ef10510295768a12192e4f5d712d6"
        },
        {
          "type": "cssRules",
          "assetId": "55QmBHuhr80U",
          "checksum": "a10ef10510295768a12192e4f5d712d6"
        },
        {
          "type": "renderModule",
          "assetId": "zVLZtI87iI1h",
          "checksum": "972846578429d84ef9db4d957ea7e152"
        },
        {
          "type": "cssRules",
          "assetId": "zVLZtI87iI1h",
          "checksum": "972846578429d84ef9db4d957ea7e152"
        },
        {
          "type": "renderModule",
          "assetId": "DoCC0gf4ouE3",
          "checksum": "b2e0b45571652a5696de999e279f39c8"
        },
        {
          "type": "cssRules",
          "assetId": "DoCC0gf4ouE3",
          "checksum": "b2e0b45571652a5696de999e279f39c8"
        },
        {
          "type": "renderModule",
          "assetId": "Gf6rN_vaYsQF",
          "checksum": "c7a2a583bbec5e3d4f083b0f089aa27c"
        },
        {
          "type": "cssRules",
          "assetId": "Gf6rN_vaYsQF",
          "checksum": "c7a2a583bbec5e3d4f083b0f089aa27c"
        },
        {
          "type": "renderModule",
          "assetId": "jLwULkfXhWwf",
          "checksum": "27cc2d8f7d79ef2a6fa3339387bb9a09"
        },
        {
          "type": "cssRules",
          "assetId": "jLwULkfXhWwf",
          "checksum": "27cc2d8f7d79ef2a6fa3339387bb9a09"
        },
        {
          "type": "renderModule",
          "assetId": "KWpY_ILPfCi6",
          "checksum": "37f431deb2684cff6c5f9f9ae96d0ea8"
        },
        {
          "type": "cssRules",
          "assetId": "KWpY_ILPfCi6",
          "checksum": "37f431deb2684cff6c5f9f9ae96d0ea8"
        },
        {
          "type": "renderModule",
          "assetId": "UcRG1cgiAyE2",
          "checksum": "4a2db80f568f5ffb68d452934fdf0973"
        },
        {
          "type": "cssRules",
          "assetId": "UcRG1cgiAyE2",
          "checksum": "4a2db80f568f5ffb68d452934fdf0973"
        },
        {
          "type": "icon",
          "assetId": "BoW0iYMM00Da",
          "checksum": "c1d73e87e529894ff61bdb901138678b"
        },
        {
          "type": "icon",
          "assetId": "nZJDJLIVViho",
          "checksum": "23a13e8427b20b684f7304a083256086"
        },
        {
          "type": "icon",
          "assetId": "l12dHAe1wea_",
          "checksum": "5d2ca34de0e252dbdd85a23b75b6be97"
        },
        {
          "type": "icon",
          "assetId": "sipX0D6tnkOF",
          "checksum": "286a0ddcd1d725405748c3f84044ed00"
        },
        {
          "type": "icon",
          "assetId": "I5n0ZfzO3iOR",
          "checksum": "f12216a0df6f39411d44d4fda31aeabc"
        },
        {
          "type": "icon",
          "assetId": "sQbiQGwlw7m8",
          "checksum": "30dd16e37b5a56597e6ae656063ba1da"
        },
        {
          "type": "icon",
          "assetId": "5Z3BdIMj7mz0",
          "checksum": "378116ea88e3567a106fc76c97b22a41"
        },
        {
          "type": "icon",
          "assetId": "_2p5ZMLoWg28",
          "checksum": "f71a40a530f58023d4788c62ced45dbb"
        },
        {
          "type": "icon",
          "assetId": "aAFB24W5NNY7",
          "checksum": "58526fedf8cfd5ffe464d3e87bc19b7c"
        },
        {
          "type": "icon",
          "assetId": "aKRxJ8RBqt4L",
          "checksum": "518cab09f156e85da88ca41e95e7fa32"
        },
        {
          "type": "icon",
          "assetId": "78DAvKBt6Abk",
          "checksum": "88007b57173e9bb99074e59ced5fbec4"
        },
        {
          "type": "icon",
          "assetId": "O5bS1f_Bnf9y",
          "checksum": "06f32c2d5cec43baf1ba942596e78358"
        },
        {
          "type": "icon",
          "assetId": "vtqGNfQwFQRV",
          "checksum": "5b2b59a86c00432d1ef4689b07c5e819"
        },
        {
          "type": "icon",
          "assetId": "BL-e93C8_7lp",
          "checksum": "57eaae040fa6f98ddf4f25eebea84229"
        },
        {
          "type": "icon",
          "assetId": "fVVn1tRGYL8o",
          "checksum": "23e0c8660b6242f321bb3d8c0e8974e3"
        },
        {
          "type": "icon",
          "assetId": "Mo4ntasHoo9g",
          "checksum": "f0248bee5e06dfd1667dc74fc5b5a2b5"
        },
        {
          "type": "icon",
          "assetId": "1UXitGhT7Src",
          "checksum": "04fb216e0cb8492df76b232aeca8a688"
        },
        {
          "type": "icon",
          "assetId": "y5b2FOsp-9wX",
          "checksum": "ab494ba1953e78a7c0391df5aabeb798"
        },
        {
          "type": "image",
          "assetId": "YWtFmeBNpMpk",
          "checksum": "647e92cf3dfe9ee519871713a70c6e28"
        },
        {
          "type": "image",
          "assetId": "aX5m4smXYLJI",
          "checksum": "bee35a5a918d3bb1d81b013126a4f987"
        },
        {
          "type": "image",
          "assetId": "zOZmG6nrYH-k",
          "checksum": "7ee3c1e413fd589ccf24195affed273a"
        },
        {
          "type": "image",
          "assetId": "42-fkwtTASwS",
          "checksum": "fdce8b5ee6931f148067bb4a9b614405"
        },
        {
          "type": "image",
          "assetId": "W5DAF0xvD4ft",
          "checksum": "7736ba3923f3e56d2a34a546e8b7c817"
        },
        {
          "type": "image",
          "assetId": "V7q390tJaHbj",
          "checksum": "62fc1702d97fcf82b6c005d2dc21aa43"
        },
        {
          "type": "image",
          "assetId": "s-3Uk87gi0e8",
          "checksum": "beaca4f7a94cb106a9d4bd15d720660b"
        },
        {
          "type": "image",
          "assetId": "1mYoUg-Vs0-J",
          "checksum": "881c86e7f88827f13d0a3d6b624d7df4"
        },
        {
          "type": "image",
          "assetId": "lwSvFMlf2y50",
          "checksum": "e5fd73a38c0dbc49bd23dd184966f111"
        },
        {
          "type": "image",
          "assetId": "-bIKFjzpLjAI",
          "checksum": "7eb7bda4d036da15db46065e19ec2f89"
        },
        {
          "type": "image",
          "assetId": "wZvuU3ojY8L5",
          "checksum": "82c4380c2e7f756dec7d7ad72fa3d821"
        },
        {
          "type": "image",
          "assetId": "U8VaucnZRWS5",
          "checksum": "bdc1b748848506c5440f9204eac6ffa5"
        },
        {
          "type": "image",
          "assetId": "xhJxJ89Gj266",
          "checksum": "9be1d79a91e42d0504edd2baac5517e8"
        },
        {
          "type": "image",
          "assetId": "WQANWdPhkIMz",
          "checksum": "02a757653676fe44760c1cb4058ad03c"
        },
        {
          "type": "image",
          "assetId": "TLruNnHmtPHh",
          "checksum": "c5181851f4c10adc06df4567feea9b49"
        },
        {
          "type": "image",
          "assetId": "E5rEO1Sel9Nv",
          "checksum": "07dd018b3d69f0220facec44e7e611d0"
        },
        {
          "type": "image",
          "assetId": "_zYx1-DJiT6A",
          "checksum": "8a69d27fa2df05ec4e6e942e8f1902c7"
        },
        {
          "type": "image",
          "assetId": "o3EMMjOqRFK6",
          "checksum": "659fcaa3fd3abf8cff3da83c0f8f151f"
        },
        {
          "type": "image",
          "assetId": "4uhMD7NrIJ8A",
          "checksum": "fa47f33b7d20820b858b91d75771569c"
        },
        {
          "type": "image",
          "assetId": "R0qfSPbd1Mct",
          "checksum": "9ccd99a2c95d177bbea457602cc2c40b"
        },
        {
          "assetId": "9WWMjYs2gyQXMvMAkxbjFX",
          "type": "projectCss",
          "checksum": "fc1e38c8a4917477c2f99606b8b982a3"
        }
      ],
      "codegenVersion": "0.0.1"
    }
  ],
  "cliVersion": "0.1.322"
}
